
Microsoft Visual Studio Solution File, Format Version 12.00
# Visual Studio Version 16
VisualStudioVersion = 16.0.30907.101
MinimumVisualStudioVersion = 10.0.40219.1
Project("{FAE04EC0-301F-11D3-BF4B-00C04F79EFBC}") = "WEBLET", "WEBLET\WEBLET.csproj", "{FBE53D48-CAE8-4406-978A-0AA8FFF896F1}"
EndProject
Global
	GlobalSection(SolutionConfigurationPlatforms) = preSolution
		Debug|Any CPU = Debug|Any CPU
		Release|Any CPU = Release|Any CPU
	EndGlobalSection
	GlobalSection(ProjectConfigurationPlatforms) = postSolution
		{FBE53D48-CAE8-4406-978A-0AA8FFF896F1}.Debug|Any CPU.ActiveCfg = Debug|Any CPU
		{FBE53D48-CAE8-4406-978A-0AA8FFF896F1}.Debug|Any CPU.Build.0 = Debug|Any CPU
		{FBE53D48-CAE8-4406-978A-0AA8FFF896F1}.Release|Any CPU.ActiveCfg = Release|Any CPU
		{FBE53D48-CAE8-4406-978A-0AA8FFF896F1}.Release|Any CPU.Build.0 = Release|Any CPU
	EndGlobalSection
	GlobalSection(SolutionProperties) = preSolution
		HideSolutionNode = FALSE
	EndGlobalSection
	GlobalSection(ExtensibilityGlobals) = postSolution
		SolutionGuid = {6AD88B7D-1DEB-44DC-A194-B3B6BCD57F5D}
	EndGlobalSection
EndGlobal
